
Microsoft Visual Studio Solution File, Format Version 12.00
# Visual Studio 15
VisualStudioVersion = 15.0.27130.2010
MinimumVisualStudioVersion = 10.0.40219.1
Project("{FAE04EC0-301F-11D3-BF4B-00C04F79EFBC}") = "MvcMusicStoreFall2018", "MvcMusicStoreFall2018\MvcMusicStoreFall2018.csproj", "{4C86029E-AA67-4C7E-AD7E-55F2A9803F1A}"
EndProject
Global
	GlobalSection(SolutionConfigurationPlatforms) = preSolution
		Debug|Any CPU = Debug|Any CPU
		Release|Any CPU = Release|Any CPU
	EndGlobalSection
	GlobalSection(ProjectConfigurationPlatforms) = postSolution
		{4C86029E-AA67-4C7E-AD7E-55F2A9803F1A}.Debug|Any CPU.ActiveCfg = Debug|Any CPU
		{4C86029E-AA67-4C7E-AD7E-55F2A9803F1A}.Debug|Any CPU.Build.0 = Debug|Any CPU
		{4C86029E-AA67-4C7E-AD7E-55F2A9803F1A}.Release|Any CPU.ActiveCfg = Release|Any CPU
		{4C86029E-AA67-4C7E-AD7E-55F2A9803F1A}.Release|Any CPU.Build.0 = Release|Any CPU
	EndGlobalSection
	GlobalSection(SolutionProperties) = preSolution
		HideSolutionNode = FALSE
	EndGlobalSection
	GlobalSection(ExtensibilityGlobals) = postSolution
		SolutionGuid = {45E4AC31-A9BE-417F-A677-65484C5883EF}
	EndGlobalSection
EndGlobal
